
Microsoft Visual Studio Solution File, Format Version 12.00
# Visual Studio 2012
Project("{FAE04EC0-301F-11D3-BF4B-00C04F79EFBC}") = "SL_BackupTool", "SL_BackupTool\SL_BackupTool.csproj", "{FE848EF2-424D-435D-B266-A36185F1B463}"
EndProject
Global
	GlobalSection(SolutionConfigurationPlatforms) = preSolution
		Debug|x86 = Debug|x86
		Release|x86 = Release|x86
	EndGlobalSection
	GlobalSection(ProjectConfigurationPlatforms) = postSolution
		{FE848EF2-424D-435D-B266-A36185F1B463}.Debug|x86.ActiveCfg = Debug|x86
		{FE848EF2-424D-435D-B266-A36185F1B463}.Debug|x86.Build.0 = Debug|x86
		{FE848EF2-424D-435D-B266-A36185F1B463}.Release|x86.ActiveCfg = Release|x86
		{FE848EF2-424D-435D-B266-A36185F1B463}.Release|x86.Build.0 = Release|x86
	EndGlobalSection
EndGlobal
